
Microsoft Visual Studio Solution File, Format Version 12.00
# Visual Studio 15
VisualStudioVersion = 15.0.28307.902
MinimumVisualStudioVersion = 10.0.40219.1
Project("{FAE04EC0-301F-11D3-BF4B-00C04F79EFBC}") = "ExemploInterfaceComClasseAbstrata", "ExemploInterfaceComClasseAbstrata\ExemploInterfaceComClasseAbstrata.csproj", "{C1964748-D04E-4D1D-8947-54FD9C4EFBFA}"
EndProject
Global
	GlobalSection(SolutionConfigurationPlatforms) = preSolution
		Debug|Any CPU = Debug|Any CPU
		Release|Any CPU = Release|Any CPU
	EndGlobalSection
	GlobalSection(ProjectConfigurationPlatforms) = postSolution
		{C1964748-D04E-4D1D-8947-54FD9C4EFBFA}.Debug|Any CPU.ActiveCfg = Debug|Any CPU
		{C1964748-D04E-4D1D-8947-54FD9C4EFBFA}.Debug|Any CPU.Build.0 = Debug|Any CPU
		{C1964748-D04E-4D1D-8947-54FD9C4EFBFA}.Release|Any CPU.ActiveCfg = Release|Any CPU
		{C1964748-D04E-4D1D-8947-54FD9C4EFBFA}.Release|Any CPU.Build.0 = Release|Any CPU
	EndGlobalSection
	GlobalSection(SolutionProperties) = preSolution
		HideSolutionNode = FALSE
	EndGlobalSection
	GlobalSection(ExtensibilityGlobals) = postSolution
		SolutionGuid = {673C6675-ADF1-4C09-A173-DF7577F76B1B}
	EndGlobalSection
EndGlobal
